// !$*UTF8*$!
{
	archiveVersion = 1;
	classes = {
	};
	objectVersion = 77;
	objects = {

/* Begin PBXBuildFile section */
		21663C8A26193AA605AD137D /* StatusHubApp.swift in Sources */ = {isa = PBXBuildFile; fileRef = 942621F08434260724466DB4 /* StatusHubApp.swift */; };
		535A79ED38AE9AFC3DA1DB45 /* ExternalProvidersView.swift in Sources */ = {isa = PBXBuildFile; fileRef = C905A47FAAF1300690CF6063 /* ExternalProvidersView.swift */; };
		5BCA9B5255EC081844208798 /* SettingsView.swift in Sources */ = {isa = PBXBuildFile; fileRef = 369E811E0C8C3B915C30CEC6 /* SettingsView.swift */; };
		71F48C943D4A3E2FA909CB23 /* Assets.xcassets in Resources */ = {isa = PBXBuildFile; fileRef = 12EF96000C2ADA1471A05E2D /* Assets.xcassets */; };
		932BF3299AF492B3AB475029 /* HubView.swift in Sources */ = {isa = PBXBuildFile; fileRef = 15C652F1D7BB334C61DE3BDE /* HubView.swift */; };
		93330097FAB0AAB36CC51D63 /* HubStatus.swift in Sources */ = {isa = PBXBuildFile; fileRef = 95C8F571CC152190CA140CC0 /* HubStatus.swift */; };
		A36F1B4E0BA0191CAA76FB69 /* HubStore.swift in Sources */ = {isa = PBXBuildFile; fileRef = 321C88E11C36A50FA4642621 /* HubStore.swift */; };
		A6AF59883CF2D8EA5A0C4684 /* ExternalProviderStore.swift in Sources */ = {isa = PBXBuildFile; fileRef = 8A47FE089B64758BADF5DA13 /* ExternalProviderStore.swift */; };
		AD6C4329971929F0D9F1A7C6 /* AppDelegate.swift in Sources */ = {isa = PBXBuildFile; fileRef = F291CCE895A0EB7796219052 /* AppDelegate.swift */; };
		BEBEA09F8A8A84BF7334F853 /* ExternalProviderModelsTests.swift in Sources */ = {isa = PBXBuildFile; fileRef = 4341BD642DE1619D9A418CDC /* ExternalProviderModelsTests.swift */; };
		D87606432B92FBD352DE31F1 /* ExternalProviderModels.swift in Sources */ = {isa = PBXBuildFile; fileRef = C8BF64F64E3966217E45136C /* ExternalProviderModels.swift */; };
		F85DB4FB8528924F9354F052 /* StatusProvider.swift in Sources */ = {isa = PBXBuildFile; fileRef = A78504212EF5735EDFD71252 /* StatusProvider.swift */; };
/* End PBXBuildFile section */

/* Begin PBXContainerItemProxy section */
		15488F73F2F33F8C47989C5A /* PBXContainerItemProxy */ = {
			isa = PBXContainerItemProxy;
			containerPortal = 9D244CDCFECA7707C38735B8 /* Project object */;
			proxyType = 1;
			remoteGlobalIDString = 7BD5097CA6F9F605814DF4B8;
			remoteInfo = StatusHub;
		};
/* End PBXContainerItemProxy section */

/* Begin PBXFileReference section */
		12EF96000C2ADA1471A05E2D /* Assets.xcassets */ = {isa = PBXFileReference; lastKnownFileType = folder.assetcatalog; path = Assets.xcassets; sourceTree = "<group>"; };
		15C652F1D7BB334C61DE3BDE /* HubView.swift */ = {isa = PBXFileReference; lastKnownFileType = sourcecode.swift; path = HubView.swift; sourceTree = "<group>"; };
		321C88E11C36A50FA4642621 /* HubStore.swift */ = {isa = PBXFileReference; lastKnownFileType = sourcecode.swift; path = HubStore.swift; sourceTree = "<group>"; };
		369E811E0C8C3B915C30CEC6 /* SettingsView.swift */ = {isa = PBXFileReference; lastKnownFileType = sourcecode.swift; path = SettingsView.swift; sourceTree = "<group>"; };
		423A6EF4C2EE7CCFA19C0DEF /* Info.plist */ = {isa = PBXFileReference; lastKnownFileType = text.plist; path = Info.plist; sourceTree = "<group>"; };
		4341BD642DE1619D9A418CDC /* ExternalProviderModelsTests.swift */ = {isa = PBXFileReference; lastKnownFileType = sourcecode.swift; path = ExternalProviderModelsTests.swift; sourceTree = "<group>"; };
		8A47FE089B64758BADF5DA13 /* ExternalProviderStore.swift */ = {isa = PBXFileReference; lastKnownFileType = sourcecode.swift; path = ExternalProviderStore.swift; sourceTree = "<group>"; };
		942621F08434260724466DB4 /* StatusHubApp.swift */ = {isa = PBXFileReference; lastKnownFileType = sourcecode.swift; path = StatusHubApp.swift; sourceTree = "<group>"; };
		95C8F571CC152190CA140CC0 /* HubStatus.swift */ = {isa = PBXFileReference; lastKnownFileType = sourcecode.swift; path = HubStatus.swift; sourceTree = "<group>"; };
		A78504212EF5735EDFD71252 /* StatusProvider.swift */ = {isa = PBXFileReference; lastKnownFileType = sourcecode.swift; path = StatusProvider.swift; sourceTree = "<group>"; };
		C8BF64F64E3966217E45136C /* ExternalProviderModels.swift */ = {isa = PBXFileReference; lastKnownFileType = sourcecode.swift; path = ExternalProviderModels.swift; sourceTree = "<group>"; };
		C905A47FAAF1300690CF6063 /* ExternalProvidersView.swift */ = {isa = PBXFileReference; lastKnownFileType = sourcecode.swift; path = ExternalProvidersView.swift; sourceTree = "<group>"; };
		EB46D69E5CDA4AC7508A963B /* StatusHubTests.xctest */ = {isa = PBXFileReference; explicitFileType = wrapper.cfbundle; includeInIndex = 0; path = StatusHubTests.xctest; sourceTree = BUILT_PRODUCTS_DIR; };
		EF4C42BEDA65C5384974460A /* StatusHub.app */ = {isa = PBXFileReference; explicitFileType = wrapper.application; includeInIndex = 0; path = StatusHub.app; sourceTree = BUILT_PRODUCTS_DIR; };
		F291CCE895A0EB7796219052 /* AppDelegate.swift */ = {isa = PBXFileReference; lastKnownFileType = sourcecode.swift; path = AppDelegate.swift; sourceTree = "<group>"; };
/* End PBXFileReference section */

/* Begin PBXGroup section */
		06E49DC1E02BD24E898BF186 /* StatusHub */ = {
			isa = PBXGroup;
			children = (
				F291CCE895A0EB7796219052 /* AppDelegate.swift */,
				12EF96000C2ADA1471A05E2D /* Assets.xcassets */,
				423A6EF4C2EE7CCFA19C0DEF /* Info.plist */,
				942621F08434260724466DB4 /* StatusHubApp.swift */,
				630F19435DBCED5E3070EEA3 /* Providers */,
				29B8DA554649C02F49299B09 /* Views */,
			);
			path = StatusHub;
			sourceTree = "<group>";
		};
		28DDBE315FD7A2196B48531F /* Products */ = {
			isa = PBXGroup;
			children = (
				EF4C42BEDA65C5384974460A /* StatusHub.app */,
				EB46D69E5CDA4AC7508A963B /* StatusHubTests.xctest */,
			);
			name = Products;
			sourceTree = "<group>";
		};
		29B8DA554649C02F49299B09 /* Views */ = {
			isa = PBXGroup;
			children = (
				C905A47FAAF1300690CF6063 /* ExternalProvidersView.swift */,
				15C652F1D7BB334C61DE3BDE /* HubView.swift */,
				369E811E0C8C3B915C30CEC6 /* SettingsView.swift */,
			);
			path = Views;
			sourceTree = "<group>";
		};
		630F19435DBCED5E3070EEA3 /* Providers */ = {
			isa = PBXGroup;
			children = (
				C8BF64F64E3966217E45136C /* ExternalProviderModels.swift */,
				8A47FE089B64758BADF5DA13 /* ExternalProviderStore.swift */,
				95C8F571CC152190CA140CC0 /* HubStatus.swift */,
				321C88E11C36A50FA4642621 /* HubStore.swift */,
				A78504212EF5735EDFD71252 /* StatusProvider.swift */,
			);
			path = Providers;
			sourceTree = "<group>";
		};
		8B3D9C515137832BB1FDEE95 = {
			isa = PBXGroup;
			children = (
				06E49DC1E02BD24E898BF186 /* StatusHub */,
				ACEE7472F2B6040A93C80398 /* StatusHubTests */,
				28DDBE315FD7A2196B48531F /* Products */,
			);
			sourceTree = "<group>";
		};
		ACEE7472F2B6040A93C80398 /* StatusHubTests */ = {
			isa = PBXGroup;
			children = (
				4341BD642DE1619D9A418CDC /* ExternalProviderModelsTests.swift */,
			);
			path = StatusHubTests;
			sourceTree = "<group>";
		};
/* End PBXGroup section */

/* Begin PBXNativeTarget section */
		7BD5097CA6F9F605814DF4B8 /* StatusHub */ = {
			isa = PBXNativeTarget;
			buildConfigurationList = 16A2D55E7D01AC515421B707 /* Build configuration list for PBXNativeTarget "StatusHub" */;
			buildPhases = (
				BF616C497B262B05475FD24A /* Sources */,
				B43536071C3233EB5EDD3895 /* Resources */,
			);
			buildRules = (
			);
			dependencies = (
			);
			name = StatusHub;
			packageProductDependencies = (
			);
			productName = StatusHub;
			productReference = EF4C42BEDA65C5384974460A /* StatusHub.app */;
			productType = "com.apple.product-type.application";
		};
		EA9ACF6361D1F18EC775F1FB /* StatusHubTests */ = {
			isa = PBXNativeTarget;
			buildConfigurationList = C47148CCF0555CDC4B10C233 /* Build configuration list for PBXNativeTarget "StatusHubTests" */;
			buildPhases = (
				FB7CC57A015EBFCC87E8DF01 /* Sources */,
			);
			buildRules = (
			);
			dependencies = (
				17CCAC652F2E3784B5871367 /* PBXTargetDependency */,
			);
			name = StatusHubTests;
			packageProductDependencies = (
			);
			productName = StatusHubTests;
			productReference = EB46D69E5CDA4AC7508A963B /* StatusHubTests.xctest */;
			productType = "com.apple.product-type.bundle.unit-test";
		};
/* End PBXNativeTarget section */

/* Begin PBXProject section */
		9D244CDCFECA7707C38735B8 /* Project object */ = {
			isa = PBXProject;
			attributes = {
				BuildIndependentTargetsInParallel = YES;
				LastUpgradeCheck = 1500;
				TargetAttributes = {
					7BD5097CA6F9F605814DF4B8 = {
						DevelopmentTeam = "";
						ProvisioningStyle = Manual;
					};
					EA9ACF6361D1F18EC775F1FB = {
						DevelopmentTeam = "";
						ProvisioningStyle = Manual;
					};
				};
			};
			buildConfigurationList = 73491C54E9D9963BF733BC3A /* Build configuration list for PBXProject "StatusHub" */;
			developmentRegion = en;
			hasScannedForEncodings = 0;
			knownRegions = (
				Base,
				en,
			);
			mainGroup = 8B3D9C515137832BB1FDEE95;
			minimizedProjectReferenceProxies = 1;
			preferredProjectObjectVersion = 77;
			productRefGroup = 28DDBE315FD7A2196B48531F /* Products */;
			projectDirPath = "";
			projectRoot = "";
			targets = (
				7BD5097CA6F9F605814DF4B8 /* StatusHub */,
				EA9ACF6361D1F18EC775F1FB /* StatusHubTests */,
			);
		};
/* End PBXProject section */

/* Begin PBXResourcesBuildPhase section */
		B43536071C3233EB5EDD3895 /* Resources */ = {
			isa = PBXResourcesBuildPhase;
			buildActionMask = 2147483647;
			files = (
				71F48C943D4A3E2FA909CB23 /* Assets.xcassets in Resources */,
			);
			runOnlyForDeploymentPostprocessing = 0;
		};
/* End PBXResourcesBuildPhase section */

/* Begin PBXSourcesBuildPhase section */
		BF616C497B262B05475FD24A /* Sources */ = {
			isa = PBXSourcesBuildPhase;
			buildActionMask = 2147483647;
			files = (
				AD6C4329971929F0D9F1A7C6 /* AppDelegate.swift in Sources */,
				D87606432B92FBD352DE31F1 /* ExternalProviderModels.swift in Sources */,
				A6AF59883CF2D8EA5A0C4684 /* ExternalProviderStore.swift in Sources */,
				535A79ED38AE9AFC3DA1DB45 /* ExternalProvidersView.swift in Sources */,
				93330097FAB0AAB36CC51D63 /* HubStatus.swift in Sources */,
				A36F1B4E0BA0191CAA76FB69 /* HubStore.swift in Sources */,
				932BF3299AF492B3AB475029 /* HubView.swift in Sources */,
				5BCA9B5255EC081844208798 /* SettingsView.swift in Sources */,
				21663C8A26193AA605AD137D /* StatusHubApp.swift in Sources */,
				F85DB4FB8528924F9354F052 /* StatusProvider.swift in Sources */,
			);
			runOnlyForDeploymentPostprocessing = 0;
		};
		FB7CC57A015EBFCC87E8DF01 /* Sources */ = {
			isa = PBXSourcesBuildPhase;
			buildActionMask = 2147483647;
			files = (
				BEBEA09F8A8A84BF7334F853 /* ExternalProviderModelsTests.swift in Sources */,
			);
			runOnlyForDeploymentPostprocessing = 0;
		};
/* End PBXSourcesBuildPhase section */

/* Begin PBXTargetDependency section */
		17CCAC652F2E3784B5871367 /* PBXTargetDependency */ = {
			isa = PBXTargetDependency;
			target = 7BD5097CA6F9F605814DF4B8 /* StatusHub */;
			targetProxy = 15488F73F2F33F8C47989C5A /* PBXContainerItemProxy */;
		};
/* End PBXTargetDependency section */

/* Begin XCBuildConfiguration section */
		29DCCA5ADE160F70C17D1072 /* Release */ = {
			isa = XCBuildConfiguration;
			buildSettings = {
				ASSETCATALOG_COMPILER_APPICON_NAME = AppIcon;
				CODE_SIGNING_ALLOWED = YES;
				CODE_SIGNING_REQUIRED = NO;
				CODE_SIGN_IDENTITY = "-";
				CODE_SIGN_STYLE = Manual;
				COMBINE_HIDPI_IMAGES = YES;
				INFOPLIST_FILE = StatusHub/Info.plist;
				LD_RUNPATH_SEARCH_PATHS = (
					"$(inherited)",
					"@executable_path/../Frameworks",
				);
				MACOSX_DEPLOYMENT_TARGET = 13.0;
				PRODUCT_BUNDLE_IDENTIFIER = "com.status-hub";
				SDKROOT = macosx;
				SWIFT_VERSION = 5.9;
			};
			name = Release;
		};
		35515EFB376E200DB4C1809E /* Debug */ = {
			isa = XCBuildConfiguration;
			buildSettings = {
				ASSETCATALOG_COMPILER_APPICON_NAME = AppIcon;
				CODE_SIGNING_ALLOWED = YES;
				CODE_SIGNING_REQUIRED = NO;
				CODE_SIGN_IDENTITY = "-";
				CODE_SIGN_STYLE = Manual;
				COMBINE_HIDPI_IMAGES = YES;
				INFOPLIST_FILE = StatusHub/Info.plist;
				LD_RUNPATH_SEARCH_PATHS = (
					"$(inherited)",
					"@executable_path/../Frameworks",
				);
				MACOSX_DEPLOYMENT_TARGET = 13.0;
				PRODUCT_BUNDLE_IDENTIFIER = "com.status-hub";
				SDKROOT = macosx;
				SWIFT_VERSION = 5.9;
			};
			name = Debug;
		};
		4F8CF2AE2CC00BD84B009727 /* Debug */ = {
			isa = XCBuildConfiguration;
			buildSettings = {
				ALWAYS_SEARCH_USER_PATHS = NO;
				CLANG_ANALYZER_NONNULL = YES;
				CLANG_ANALYZER_NUMBER_OBJECT_CONVERSION = YES_AGGRESSIVE;
				CLANG_CXX_LANGUAGE_STANDARD = "gnu++14";
				CLANG_CXX_LIBRARY = "libc++";
				CLANG_ENABLE_MODULES = YES;
				CLANG_ENABLE_OBJC_ARC = YES;
				CLANG_ENABLE_OBJC_WEAK = YES;
				CLANG_WARN_BLOCK_CAPTURE_AUTORELEASING = YES;
				CLANG_WARN_BOOL_CONVERSION = YES;
				CLANG_WARN_COMMA = YES;
				CLANG_WARN_CONSTANT_CONVERSION = YES;
				CLANG_WARN_DEPRECATED_OBJC_IMPLEMENTATIONS = YES;
				CLANG_WARN_DIRECT_OBJC_ISA_USAGE = YES_ERROR;
				CLANG_WARN_DOCUMENTATION_COMMENTS = YES;
				CLANG_WARN_EMPTY_BODY = YES;
				CLANG_WARN_ENUM_CONVERSION = YES;
				CLANG_WARN_INFINITE_RECURSION = YES;
				CLANG_WARN_INT_CONVERSION = YES;
				CLANG_WARN_NON_LITERAL_NULL_CONVERSION = YES;
				CLANG_WARN_OBJC_IMPLICIT_RETAIN_SELF = YES;
				CLANG_WARN_OBJC_LITERAL_CONVERSION = YES;
				CLANG_WARN_OBJC_ROOT_CLASS = YES_ERROR;
				CLANG_WARN_QUOTED_INCLUDE_IN_FRAMEWORK_HEADER = YES;
				CLANG_WARN_RANGE_LOOP_ANALYSIS = YES;
				CLANG_WARN_STRICT_PROTOTYPES = YES;
				CLANG_WARN_SUSPICIOUS_MOVE = YES;
				CLANG_WARN_UNGUARDED_AVAILABILITY = YES_AGGRESSIVE;
				CLANG_WARN_UNREACHABLE_CODE = YES;
				CLANG_WARN__DUPLICATE_METHOD_MATCH = YES;
				CODE_SIGNING_ALLOWED = YES;
				CODE_SIGNING_REQUIRED = NO;
				CODE_SIGN_IDENTITY = "-";
				CODE_SIGN_STYLE = Manual;
				COPY_PHASE_STRIP = NO;
				DEBUG_INFORMATION_FORMAT = dwarf;
				DEVELOPMENT_TEAM = "";
				ENABLE_STRICT_OBJC_MSGSEND = YES;
				ENABLE_TESTABILITY = YES;
				GCC_C_LANGUAGE_STANDARD = gnu11;
				GCC_DYNAMIC_NO_PIC = NO;
				GCC_NO_COMMON_BLOCKS = YES;
				GCC_OPTIMIZATION_LEVEL = 0;
				GCC_PREPROCESSOR_DEFINITIONS = (
					"$(inherited)",
					"DEBUG=1",
				);
				GCC_WARN_64_TO_32_BIT_CONVERSION = YES;
				GCC_WARN_ABOUT_RETURN_TYPE = YES_ERROR;
				GCC_WARN_UNDECLARED_SELECTOR = YES;
				GCC_WARN_UNINITIALIZED_AUTOS = YES_AGGRESSIVE;
				GCC_WARN_UNUSED_FUNCTION = YES;
				GCC_WARN_UNUSED_VARIABLE = YES;
				MACOSX_DEPLOYMENT_TARGET = 13.0;
				MTL_ENABLE_DEBUG_INFO = INCLUDE_SOURCE;
				MTL_FAST_MATH = YES;
				ONLY_ACTIVE_ARCH = YES;
				PRODUCT_BUNDLE_IDENTIFIER = "com.status-hub";
				PRODUCT_NAME = "$(TARGET_NAME)";
				SDKROOT = macosx;
				SWIFT_ACTIVE_COMPILATION_CONDITIONS = DEBUG;
				SWIFT_OPTIMIZATION_LEVEL = "-Onone";
				SWIFT_VERSION = 5.9;
			};
			name = Debug;
		};
		70A90AEAA19885988F18F42C /* Debug */ = {
			isa = XCBuildConfiguration;
			buildSettings = {
				BUNDLE_LOADER = "$(TEST_HOST)";
				CODE_SIGNING_ALLOWED = YES;
				CODE_SIGNING_REQUIRED = NO;
				CODE_SIGN_IDENTITY = "-";
				CODE_SIGN_STYLE = Manual;
				COMBINE_HIDPI_IMAGES = YES;
				GENERATE_INFOPLIST_FILE = YES;
				LD_RUNPATH_SEARCH_PATHS = (
					"$(inherited)",
					"@executable_path/../Frameworks",
					"@loader_path/../Frameworks",
				);
				MACOSX_DEPLOYMENT_TARGET = 13.0;
				SDKROOT = macosx;
				TEST_HOST = "$(BUILT_PRODUCTS_DIR)/StatusHub.app/Contents/MacOS/StatusHub";
			};
			name = Debug;
		};
		748B77A7C3F2B7BF6F7BDFA0 /* Release */ = {
			isa = XCBuildConfiguration;
			buildSettings = {
				BUNDLE_LOADER = "$(TEST_HOST)";
				CODE_SIGNING_ALLOWED = YES;
				CODE_SIGNING_REQUIRED = NO;
				CODE_SIGN_IDENTITY = "-";
				CODE_SIGN_STYLE = Manual;
				COMBINE_HIDPI_IMAGES = YES;
				GENERATE_INFOPLIST_FILE = YES;
				LD_RUNPATH_SEARCH_PATHS = (
					"$(inherited)",
					"@executable_path/../Frameworks",
					"@loader_path/../Frameworks",
				);
				MACOSX_DEPLOYMENT_TARGET = 13.0;
				SDKROOT = macosx;
				TEST_HOST = "$(BUILT_PRODUCTS_DIR)/StatusHub.app/Contents/MacOS/StatusHub";
			};
			name = Release;
		};
		F5A4DD25329D02ADD619406D /* Release */ = {
			isa = XCBuildConfiguration;
			buildSettings = {
				ALWAYS_SEARCH_USER_PATHS = NO;
				CLANG_ANALYZER_NONNULL = YES;
				CLANG_ANALYZER_NUMBER_OBJECT_CONVERSION = YES_AGGRESSIVE;
				CLANG_CXX_LANGUAGE_STANDARD = "gnu++14";
				CLANG_CXX_LIBRARY = "libc++";
				CLANG_ENABLE_MODULES = YES;
				CLANG_ENABLE_OBJC_ARC = YES;
				CLANG_ENABLE_OBJC_WEAK = YES;
				CLANG_WARN_BLOCK_CAPTURE_AUTORELEASING = YES;
				CLANG_WARN_BOOL_CONVERSION = YES;
				CLANG_WARN_COMMA = YES;
				CLANG_WARN_CONSTANT_CONVERSION = YES;
				CLANG_WARN_DEPRECATED_OBJC_IMPLEMENTATIONS = YES;
				CLANG_WARN_DIRECT_OBJC_ISA_USAGE = YES_ERROR;
				CLANG_WARN_DOCUMENTATION_COMMENTS = YES;
				CLANG_WARN_EMPTY_BODY = YES;
				CLANG_WARN_ENUM_CONVERSION = YES;
				CLANG_WARN_INFINITE_RECURSION = YES;
				CLANG_WARN_INT_CONVERSION = YES;
				CLANG_WARN_NON_LITERAL_NULL_CONVERSION = YES;
				CLANG_WARN_OBJC_IMPLICIT_RETAIN_SELF = YES;
				CLANG_WARN_OBJC_LITERAL_CONVERSION = YES;
				CLANG_WARN_OBJC_ROOT_CLASS = YES_ERROR;
				CLANG_WARN_QUOTED_INCLUDE_IN_FRAMEWORK_HEADER = YES;
				CLANG_WARN_RANGE_LOOP_ANALYSIS = YES;
				CLANG_WARN_STRICT_PROTOTYPES = YES;
				CLANG_WARN_SUSPICIOUS_MOVE = YES;
				CLANG_WARN_UNGUARDED_AVAILABILITY = YES_AGGRESSIVE;
				CLANG_WARN_UNREACHABLE_CODE = YES;
				CLANG_WARN__DUPLICATE_METHOD_MATCH = YES;
				CODE_SIGNING_ALLOWED = YES;
				CODE_SIGNING_REQUIRED = NO;
				CODE_SIGN_IDENTITY = "-";
				CODE_SIGN_STYLE = Manual;
				COPY_PHASE_STRIP = NO;
				DEBUG_INFORMATION_FORMAT = "dwarf-with-dsym";
				DEVELOPMENT_TEAM = "";
				ENABLE_NS_ASSERTIONS = NO;
				ENABLE_STRICT_OBJC_MSGSEND = YES;
				GCC_C_LANGUAGE_STANDARD = gnu11;
				GCC_NO_COMMON_BLOCKS = YES;
				GCC_WARN_64_TO_32_BIT_CONVERSION = YES;
				GCC_WARN_ABOUT_RETURN_TYPE = YES_ERROR;
				GCC_WARN_UNDECLARED_SELECTOR = YES;
				GCC_WARN_UNINITIALIZED_AUTOS = YES_AGGRESSIVE;
				GCC_WARN_UNUSED_FUNCTION = YES;
				GCC_WARN_UNUSED_VARIABLE = YES;
				MACOSX_DEPLOYMENT_TARGET = 13.0;
				MTL_ENABLE_DEBUG_INFO = NO;
				MTL_FAST_MATH = YES;
				PRODUCT_BUNDLE_IDENTIFIER = "com.status-hub";
				PRODUCT_NAME = "$(TARGET_NAME)";
				SDKROOT = macosx;
				SWIFT_COMPILATION_MODE = wholemodule;
				SWIFT_OPTIMIZATION_LEVEL = "-O";
				SWIFT_VERSION = 5.9;
			};
			name = Release;
		};
/* End XCBuildConfiguration section */

/* Begin XCConfigurationList section */
		16A2D55E7D01AC515421B707 /* Build configuration list for PBXNativeTarget "StatusHub" */ = {
			isa = XCConfigurationList;
			buildConfigurations = (
				35515EFB376E200DB4C1809E /* Debug */,
				29DCCA5ADE160F70C17D1072 /* Release */,
			);
			defaultConfigurationIsVisible = 0;
			defaultConfigurationName = Debug;
		};
		73491C54E9D9963BF733BC3A /* Build configuration list for PBXProject "StatusHub" */ = {
			isa = XCConfigurationList;
			buildConfigurations = (
				4F8CF2AE2CC00BD84B009727 /* Debug */,
				F5A4DD25329D02ADD619406D /* Release */,
			);
			defaultConfigurationIsVisible = 0;
			defaultConfigurationName = Debug;
		};
		C47148CCF0555CDC4B10C233 /* Build configuration list for PBXNativeTarget "StatusHubTests" */ = {
			isa = XCConfigurationList;
			buildConfigurations = (
				70A90AEAA19885988F18F42C /* Debug */,
				748B77A7C3F2B7BF6F7BDFA0 /* Release */,
			);
			defaultConfigurationIsVisible = 0;
			defaultConfigurationName = Debug;
		};
/* End XCConfigurationList section */
	};
	rootObject = 9D244CDCFECA7707C38735B8 /* Project object */;
}
